
Microsoft Visual Studio Solution File, Format Version 12.00
# Visual Studio 15
VisualStudioVersion = 15.0.28010.2048
MinimumVisualStudioVersion = 10.0.40219.1
Project("{FAE04EC0-301F-11D3-BF4B-00C04F79EFBC}") = "JsonRpc", "JsonRpc\JsonRpc.csproj", "{ED9906A2-C5C9-4994-BD4A-CB33218AFF26}"
EndProject
Project("{FAE04EC0-301F-11D3-BF4B-00C04F79EFBC}") = "JsonRpc.Tests", "JsonRpc.Tests\JsonRpc.Tests.csproj", "{11CC91A1-8E78-4F82-B3A5-C29A8D64EDDF}"
EndProject
Global
	GlobalSection(SolutionConfigurationPlatforms) = preSolution
		Debug|Any CPU = Debug|Any CPU
		Release|Any CPU = Release|Any CPU
	EndGlobalSection
	GlobalSection(ProjectConfigurationPlatforms) = postSolution
		{ED9906A2-C5C9-4994-BD4A-CB33218AFF26}.Debug|Any CPU.ActiveCfg = Debug|Any CPU
		{ED9906A2-C5C9-4994-BD4A-CB33218AFF26}.Debug|Any CPU.Build.0 = Debug|Any CPU
		{ED9906A2-C5C9-4994-BD4A-CB33218AFF26}.Release|Any CPU.ActiveCfg = Release|Any CPU
		{ED9906A2-C5C9-4994-BD4A-CB33218AFF26}.Release|Any CPU.Build.0 = Release|Any CPU
		{11CC91A1-8E78-4F82-B3A5-C29A8D64EDDF}.Debug|Any CPU.ActiveCfg = Debug|Any CPU
		{11CC91A1-8E78-4F82-B3A5-C29A8D64EDDF}.Debug|Any CPU.Build.0 = Debug|Any CPU
		{11CC91A1-8E78-4F82-B3A5-C29A8D64EDDF}.Release|Any CPU.ActiveCfg = Release|Any CPU
		{11CC91A1-8E78-4F82-B3A5-C29A8D64EDDF}.Release|Any CPU.Build.0 = Release|Any CPU
	EndGlobalSection
	GlobalSection(SolutionProperties) = preSolution
		HideSolutionNode = FALSE
	EndGlobalSection
	GlobalSection(ExtensibilityGlobals) = postSolution
		SolutionGuid = {6DB587A0-B4D9-413E-99C6-A4E8F6627195}
	EndGlobalSection
EndGlobal
